
Microsoft Visual Studio Solution File, Format Version 12.00
# Visual Studio Version 16
VisualStudioVersion = 16.0.28803.156
MinimumVisualStudioVersion = 10.0.40219.1
Project("{9A19103F-16F7-4668-BE54-9A1E7A4F7556}") = "Autho.JWT", "Autho.JWT\Autho.JWT.csproj", "{494AA17C-2F57-4DDB-BFBF-6CB407478910}"
EndProject
Global
	GlobalSection(SolutionConfigurationPlatforms) = preSolution
		Debug|Any CPU = Debug|Any CPU
		Release|Any CPU = Release|Any CPU
	EndGlobalSection
	GlobalSection(ProjectConfigurationPlatforms) = postSolution
		{494AA17C-2F57-4DDB-BFBF-6CB407478910}.Debug|Any CPU.ActiveCfg = Debug|Any CPU
		{494AA17C-2F57-4DDB-BFBF-6CB407478910}.Debug|Any CPU.Build.0 = Debug|Any CPU
		{494AA17C-2F57-4DDB-BFBF-6CB407478910}.Release|Any CPU.ActiveCfg = Release|Any CPU
		{494AA17C-2F57-4DDB-BFBF-6CB407478910}.Release|Any CPU.Build.0 = Release|Any CPU
	EndGlobalSection
	GlobalSection(SolutionProperties) = preSolution
		HideSolutionNode = FALSE
	EndGlobalSection
	GlobalSection(ExtensibilityGlobals) = postSolution
		SolutionGuid = {2D605F24-6D0B-43E5-8655-044FD0D10703}
	EndGlobalSection
EndGlobal
